Microsoft Visual Studio Solution File, Format Version 12.00
Project("{a9133371-7231-4db7-a235-611f5a284c4d}") = "UsrRealty", "..\packages\UsrRealty\Files\UsrRealty.csproj", "{13c651dd-e18f-451b-bf99-538783ca52c9}"
EndProject
Global
	GlobalSection(SolutionConfigurationPlatforms) = preSolution
		Debug|Any CPU = Debug|Any CPU
		Release|Any CPU = Release|Any CPU
	EndGlobalSection
	GlobalSection(ProjectConfigurationPlatforms) = postSolution
			{13c651dd-e18f-451b-bf99-538783ca52c9}.Debug|Any CPU.ActiveCfg = Debug|Any CPU
			{13c651dd-e18f-451b-bf99-538783ca52c9}.Debug|Any CPU.Build.0 = Debug|Any CPU
			{13c651dd-e18f-451b-bf99-538783ca52c9}.Release|Any CPU.ActiveCfg = Release|Any CPU
			{13c651dd-e18f-451b-bf99-538783ca52c9}.Release|Any CPU.Build.0 = Release|Any CPU
	EndGlobalSection
EndGlobal
