Microsoft Visual Studio Solution File, Format Version 12.00
Project("{fe7baf7f-2911-413e-ba31-c0d8854b6049}") = "UsrRealty", "..\packages\UsrRealty\Files\UsrRealty.csproj", "{fe200f1b-c451-4baa-82ff-55600afd50ed}"
EndProject
Global
	GlobalSection(SolutionConfigurationPlatforms) = preSolution
		Debug|Any CPU = Debug|Any CPU
		Release|Any CPU = Release|Any CPU
	EndGlobalSection
	GlobalSection(ProjectConfigurationPlatforms) = postSolution
			{fe200f1b-c451-4baa-82ff-55600afd50ed}.Debug|Any CPU.ActiveCfg = Debug|Any CPU
			{fe200f1b-c451-4baa-82ff-55600afd50ed}.Debug|Any CPU.Build.0 = Debug|Any CPU
			{fe200f1b-c451-4baa-82ff-55600afd50ed}.Release|Any CPU.ActiveCfg = Release|Any CPU
			{fe200f1b-c451-4baa-82ff-55600afd50ed}.Release|Any CPU.Build.0 = Release|Any CPU
	EndGlobalSection
EndGlobal
