Microsoft Visual Studio Solution File, Format Version 12.00
Project("{69fa286b-aad4-4b56-b4f2-a4a44cb5faad}") = "UsrRealty", "..\packages\UsrRealty\Files\UsrRealty.csproj", "{0c054eae-30aa-4401-becb-6981f2d8ff13}"
EndProject
Global
	GlobalSection(SolutionConfigurationPlatforms) = preSolution
		Debug|Any CPU = Debug|Any CPU
		Release|Any CPU = Release|Any CPU
	EndGlobalSection
	GlobalSection(ProjectConfigurationPlatforms) = postSolution
			{0c054eae-30aa-4401-becb-6981f2d8ff13}.Debug|Any CPU.ActiveCfg = Debug|Any CPU
			{0c054eae-30aa-4401-becb-6981f2d8ff13}.Debug|Any CPU.Build.0 = Debug|Any CPU
			{0c054eae-30aa-4401-becb-6981f2d8ff13}.Release|Any CPU.ActiveCfg = Release|Any CPU
			{0c054eae-30aa-4401-becb-6981f2d8ff13}.Release|Any CPU.Build.0 = Release|Any CPU
	EndGlobalSection
EndGlobal
